<?xml version="1.0" encoding="UTF-8" standalone="yes" ?>
<CodeBlocks_project_file>
	<FileVersion major="1" minor="6" />
	<Project>
		<Option title="training" />
		<Option pch_mode="2" />
		<Option compiler="gcc" />
		<Option extended_obj_names="1" />
		<Build>
			<Target title="Debug">
				<Option output="bin/Debug/CodeBlockBuild" prefix_auto="1" extension_auto="1" />
				<Option object_output="obj/Debug/" />
				<Option type="1" />
				<Option compiler="gcc" />
				<Option parameters="tja1101_reg_blob.txt tja1101_config.txt" />
				<Compiler>
					<Add option="-g" />
				</Compiler>
				<Linker>
					<Add library="ws2_32" />
					<Add library="iphlpapi" />
				</Linker>
			</Target>
			<Target title="Release">
				<Option output="bin/Release/training" prefix_auto="1" extension_auto="1" />
				<Option object_output="obj/Release/" />
				<Option type="1" />
				<Option compiler="gcc" />
				<Compiler>
					<Add option="-O2" />
				</Compiler>
				<Linker>
					<Add option="-s" />
				</Linker>
			</Target>
		</Build>
		<Compiler>
			<Add option="-Wall" />
			<Add option="-DTEST_FIFO" />
			<Add option="-DHAS_UTESTS" />
			<Add option="-DHAS_PARSE_REG" />
			<Add option="-DTEST_ARRAY" />
			<Add option="-DHAS_ARRAY" />
			<Add option="-DTEST_CONVERT" />
		</Compiler>
		<Unit filename="algorithms.c">
			<Option compilerVar="CC" />
		</Unit>
		<Unit filename="algorithms.h" />
		<Unit filename="amount_of_uio_states.c">
			<Option compilerVar="CC" />
		</Unit>
		<Unit filename="amount_of_uio_states.h" />
		<Unit filename="arrays.c">
			<Option compilerVar="CC" />
		</Unit>
		<Unit filename="arrays.h" />
		<Unit filename="avl_tree.c">
			<Option compilerVar="CC" />
		</Unit>
		<Unit filename="avl_tree.h" />
		<Unit filename="bin_heap.c">
			<Option compilerVar="CC" />
			<Option compile="0" />
			<Option link="0" />
		</Unit>
		<Unit filename="bin_heap.h" />
		<Unit filename="bin_heap_array.c">
			<Option compilerVar="CC" />
		</Unit>
		<Unit filename="bin_heap_array.h" />
		<Unit filename="bin_search_tree.c">
			<Option compilerVar="CC" />
		</Unit>
		<Unit filename="bin_search_tree.h" />
		<Unit filename="bin_tree.c">
			<Option compilerVar="CC" />
			<Option compile="0" />
			<Option link="0" />
		</Unit>
		<Unit filename="bin_tree.h" />
		<Unit filename="bin_tree_draw.c">
			<Option compilerVar="CC" />
		</Unit>
		<Unit filename="bin_tree_draw.h" />
		<Unit filename="combinations.c">
			<Option compilerVar="CC" />
		</Unit>
		<Unit filename="combinations.h" />
		<Unit filename="convert.c">
			<Option compilerVar="CC" />
		</Unit>
		<Unit filename="convert.h" />
		<Unit filename="fifo_char.c">
			<Option compilerVar="CC" />
		</Unit>
		<Unit filename="fifo_char.h" />
		<Unit filename="fifo_index.c">
			<Option compilerVar="CC" />
		</Unit>
		<Unit filename="fifo_index.h" />
		<Unit filename="float_utils.c">
			<Option compilerVar="CC" />
		</Unit>
		<Unit filename="float_utils.h" />
		<Unit filename="lifo_char.c">
			<Option compilerVar="CC" />
		</Unit>
		<Unit filename="lifo_char.h" />
		<Unit filename="linked_list.c">
			<Option compilerVar="CC" />
			<Option target="Debug" />
		</Unit>
		<Unit filename="linked_list.h" />
		<Unit filename="main.c">
			<Option compilerVar="CC" />
		</Unit>
		<Unit filename="math_model_rocket_2d.c">
			<Option compilerVar="CC" />
			<Option compile="0" />
			<Option link="0" />
		</Unit>
		<Unit filename="math_model_rocket_2d.h" />
		<Unit filename="min_path.c">
			<Option compilerVar="CC" />
			<Option compile="0" />
			<Option link="0" />
		</Unit>
		<Unit filename="min_path.h" />
		<Unit filename="min_path_diag_scale.c">
			<Option compilerVar="CC" />
			<Option compile="0" />
			<Option link="0" />
		</Unit>
		<Unit filename="min_path_diag_scale.h" />
		<Unit filename="mk_to_dot.c">
			<Option compilerVar="CC" />
		</Unit>
		<Unit filename="mk_to_dot.h" />
		<Unit filename="parse_keepass.c">
			<Option compilerVar="CC" />
			<Option compile="0" />
			<Option link="0" />
		</Unit>
		<Unit filename="parse_keepass.h" />
		<Unit filename="parse_phy_regs.h" />
		<Unit filename="parse_regs.c">
			<Option compilerVar="CC" />
		</Unit>
		<Unit filename="parse_regs.h" />
		<Unit filename="parse_tic12400_regs.c">
			<Option compilerVar="CC" />
		</Unit>
		<Unit filename="parse_tic12400_regs.h" />
		<Unit filename="parse_tja1101_regs.c">
			<Option compilerVar="CC" />
		</Unit>
		<Unit filename="permutations.c">
			<Option compilerVar="CC" />
		</Unit>
		<Unit filename="permutations.h" />
		<Unit filename="permutations_test.c">
			<Option compilerVar="CC" />
		</Unit>
		<Unit filename="permutations_test.h" />
		<Unit filename="russian_doll_envelopes.c">
			<Option compilerVar="CC" />
			<Option compile="0" />
			<Option link="0" />
		</Unit>
		<Unit filename="russian_doll_envelopes.h" />
		<Unit filename="russian_doll_envelopes_test.c">
			<Option compilerVar="CC" />
			<Option compile="0" />
			<Option link="0" />
		</Unit>
		<Unit filename="russian_doll_envelopes_test.h" />
		<Unit filename="scan_serial_port.c">
			<Option compilerVar="CC" />
			<Option compile="0" />
			<Option link="0" />
		</Unit>
		<Unit filename="scan_serial_port.h" />
		<Unit filename="simulate_rocket_2d.c">
			<Option compilerVar="CC" />
			<Option compile="0" />
			<Option link="0" />
		</Unit>
		<Unit filename="simulate_rocket_2d.h" />
		<Unit filename="slidingWindowMax.c">
			<Option compilerVar="CC" />
		</Unit>
		<Unit filename="slidingWindowMax.h" />
		<Unit filename="slidingWindowMid.c">
			<Option compilerVar="CC" />
		</Unit>
		<Unit filename="slidingWindowMid.h" />
		<Unit filename="sort_linked_list.c">
			<Option compilerVar="CC" />
		</Unit>
		<Unit filename="sort_linked_list.h" />
		<Unit filename="str_ops.c">
			<Option compilerVar="CC" />
		</Unit>
		<Unit filename="str_ops.h" />
		<Unit filename="tcp_client.c">
			<Option compilerVar="CC" />
			<Option compile="0" />
			<Option link="0" />
		</Unit>
		<Unit filename="tcp_client.h" />
		<Unit filename="tcp_server.c">
			<Option compilerVar="CC" />
			<Option compile="0" />
			<Option link="0" />
		</Unit>
		<Unit filename="tcp_server.h" />
		<Unit filename="test_arrays.c">
			<Option compilerVar="CC" />
		</Unit>
		<Unit filename="test_arrays.h" />
		<Unit filename="test_avl_tree.c">
			<Option compilerVar="CC" />
			<Option compile="0" />
			<Option link="0" />
		</Unit>
		<Unit filename="test_avl_tree.h" />
		<Unit filename="test_convert.c">
			<Option compilerVar="CC" />
		</Unit>
		<Unit filename="test_convert.h" />
		<Unit filename="test_fifo_char.c">
			<Option compilerVar="CC" />
		</Unit>
		<Unit filename="test_fifo_char.h" />
		<Unit filename="test_lifo_char.c">
			<Option compilerVar="CC" />
		</Unit>
		<Unit filename="test_lifo_char.h" />
		<Unit filename="test_str_ops.c">
			<Option compilerVar="CC" />
		</Unit>
		<Unit filename="test_str_ops.h" />
		<Unit filename="uTests.c">
			<Option compilerVar="CC" />
		</Unit>
		<Unit filename="uTests.h" />
		<Unit filename="utils.c">
			<Option compilerVar="CC" />
		</Unit>
		<Unit filename="utils.h" />
		<Extensions>
			<code_completion />
			<envvars />
			<debugger />
		</Extensions>
	</Project>
</CodeBlocks_project_file>
